PODS:
  - COSTouchVisualizer (1.0.6)

DEPENDENCIES:
  - COSTouchVisualizer (from `../COSTouchVisualizer.podspec`)

EXTERNAL SOURCES:
  COSTouchVisualizer:
    :path: "../COSTouchVisualizer.podspec"

SPEC CHECKSUMS:
  COSTouchVisualizer: 3e10b8a850909b0366c9979d12437b2016f9970f

PODFILE CHECKSUM: bade582dd68b27e7623829d439e9314b8e335665

COCOAPODS: 1.5.3
