PODS:
  - COSTouchVisualizer (1.0.6)

DEPENDENCIES:
  - COSTouchVisualizer (from `../COSTouchVisualizer.podspec`)

EXTERNAL SOURCES:
  COSTouchVisualizer:
    :path: "../COSTouchVisualizer.podspec"

SPEC CHECKSUMS:
  COSTouchVisualizer: 3e10b8a850909b0366c9979d12437b2016f9970f

PODFILE CHECKSUM: bf9cb934a8515a5b48437242faa8954f4c99869a

COCOAPODS: 1.5.3
