PODS:
  - COSTouchVisualizer (1.0.6)

DEPENDENCIES:
  - COSTouchVisualizer (from `../COSTouchVisualizer.podspec`)

EXTERNAL SOURCES:
  COSTouchVisualizer:
    :path: "../COSTouchVisualizer.podspec"

SPEC CHECKSUMS:
  COSTouchVisualizer: 3e10b8a850909b0366c9979d12437b2016f9970f

PODFILE CHECKSUM: b9b6be1b95d28f798a93bf85c4e2024c40dd6944

COCOAPODS: 1.5.3
